
Microsoft Visual Studio Solution File, Format Version 12.00
# Visual Studio Version 16
VisualStudioVersion = 16.0.31025.194
MinimumVisualStudioVersion = 10.0.40219.1
Project("{9A19103F-16F7-4668-BE54-9A1E7A4F7556}") = "TheOfficeFurnitureWarehouse", "TheOfficeFurnitureWarehouse.csproj", "{EA491248-92E5-46F3-B1BA-5FDAB1BA7AAD}"
EndProject
Project("{FAE04EC0-301F-11D3-BF4B-00C04F79EFBC}") = "TheOfficeFurnitureWarehouse.Data", "TheOfficeFurnitureWarehouse.Data\TheOfficeFurnitureWarehouse.Data.csproj", "{B0281C6C-198A-426F-A8FA-52995139C0C8}"
EndProject
Project("{FAE04EC0-301F-11D3-BF4B-00C04F79EFBC}") = "TheOfficeFurnitureWarehouse.Core", "TheOfficeFurnitureWarehouse.Core\TheOfficeFurnitureWarehouse.Core.csproj", "{5A59C084-A9B5-44AF-B428-FB76B0BBB696}"
EndProject
Global
	GlobalSection(SolutionConfigurationPlatforms) = preSolution
		Debug|Any CPU = Debug|Any CPU
		Release|Any CPU = Release|Any CPU
	EndGlobalSection
	GlobalSection(ProjectConfigurationPlatforms) = postSolution
		{EA491248-92E5-46F3-B1BA-5FDAB1BA7AAD}.Debug|Any CPU.ActiveCfg = Debug|Any CPU
		{EA491248-92E5-46F3-B1BA-5FDAB1BA7AAD}.Debug|Any CPU.Build.0 = Debug|Any CPU
		{EA491248-92E5-46F3-B1BA-5FDAB1BA7AAD}.Release|Any CPU.ActiveCfg = Release|Any CPU
		{EA491248-92E5-46F3-B1BA-5FDAB1BA7AAD}.Release|Any CPU.Build.0 = Release|Any CPU
		{B0281C6C-198A-426F-A8FA-52995139C0C8}.Debug|Any CPU.ActiveCfg = Debug|Any CPU
		{B0281C6C-198A-426F-A8FA-52995139C0C8}.Debug|Any CPU.Build.0 = Debug|Any CPU
		{B0281C6C-198A-426F-A8FA-52995139C0C8}.Release|Any CPU.ActiveCfg = Release|Any CPU
		{B0281C6C-198A-426F-A8FA-52995139C0C8}.Release|Any CPU.Build.0 = Release|Any CPU
		{5A59C084-A9B5-44AF-B428-FB76B0BBB696}.Debug|Any CPU.ActiveCfg = Debug|Any CPU
		{5A59C084-A9B5-44AF-B428-FB76B0BBB696}.Debug|Any CPU.Build.0 = Debug|Any CPU
		{5A59C084-A9B5-44AF-B428-FB76B0BBB696}.Release|Any CPU.ActiveCfg = Release|Any CPU
		{5A59C084-A9B5-44AF-B428-FB76B0BBB696}.Release|Any CPU.Build.0 = Release|Any CPU
	EndGlobalSection
	GlobalSection(SolutionProperties) = preSolution
		HideSolutionNode = FALSE
	EndGlobalSection
	GlobalSection(ExtensibilityGlobals) = postSolution
		SolutionGuid = {9AE4F025-EDA2-4CB4-B7B5-7E66C8EE041F}
	EndGlobalSection
EndGlobal
